{
  "nodes": {
    "bun2nix": {
      "inputs": {
        "flake-parts": [
          "fleet",
          "llm-agents",
          "flake-parts"
        ],
        "nixpkgs": [
          "fleet",
          "llm-agents",
          "nixpkgs"
        ],
        "systems": [
          "fleet",
          "llm-agents",
          "systems"
        ],
        "treefmt-nix": [
          "fleet",
          "llm-agents",
          "treefmt-nix"
        ]
      },
      "locked": {
        "lastModified": 1790001035,
        "narHash": "sha256-1/SLBjSYBzDdDhvLQ83wrzBakyS/xNGgtxHGNuveOEQ=",
        "owner": "Mic92",
        "repo": "bun2nix",
        "rev": "07a5bfc8ac36c5370199343fa620b69f63186e33",
        "type": "github"
      },
      "original": {
        "owner": "Mic92",
        "ref": "llm-agents",
        "repo": "bun2nix",
        "type": "github"
      }
    },
    "flake-parts": {
      "inputs": {
        "nixpkgs-lib": [
          "fleet",
          "llm-agents",
          "nixpkgs"
        ]
      },
      "locked": {
        "lastModified": 1790898470,
        "narHash": "sha256-zTwuwezD0w3hpga6a6P8emidzAZFyWqlNeRBlpWOOl8=",
        "owner": "hercules-ci",
        "repo": "flake-parts",
        "rev": "024633cd702b10285db5cb19b40ad48d2399ba60",
        "type": "github"
      },
      "original": {
        "owner": "hercules-ci",
        "repo": "flake-parts",
        "type": "github"
      }
    },
    "fleet": {
      "inputs": {
        "llm-agents": "llm-agents",
        "nixpkgs": [
          "nixpkgs"
        ]
      },
      "locked": {
        "lastModified": 1791190458,
        "narHash": "sha256-GXcUIir22OBamEE11Vt46xdnZ/j0deMCzVq0SkdMo1E=",
        "owner": "glockyco",
        "repo": "omp-agent-setup",
        "rev": "71a81614d5d9596e788c5ad92f41eb4e99e5a106",
        "type": "github"
      },
      "original": {
        "owner": "glockyco",
        "repo": "omp-agent-setup",
        "type": "github"
      }
    },
    "llm-agents": {
      "inputs": {
        "bun2nix": "bun2nix",
        "flake-parts": "flake-parts",
        "nixpkgs": "nixpkgs",
        "systems": "systems",
        "treefmt-nix": "treefmt-nix"
      },
      "locked": {
        "lastModified": 1791001326,
        "narHash": "sha256-pwJhtpRcNX1pJ9luUy3Eh1EYUFsZjv5m2xSqZ1hEhMU=",
        "owner": "numtide",
        "repo": "llm-agents.nix",
        "rev": "83984ebbbe5322b261d9fdc24eb15cf44f23abec",
        "type": "github"
      },
      "original": {
        "owner": "numtide",
        "repo": "llm-agents.nix",
        "type": "github"
      }
    },
    "nixpkgs": {
      "locked": {
        "lastModified": 1790600678,
        "narHash": "sha256-6k3n7X2UsZ6tAlWTz99RimiZab+17tMUrw9sRUcELiA=",
        "owner": "NixOS",
        "repo": "nixpkgs",
        "rev": "f45c6f04c2f013f004bf94e284e95d72898d9393",
        "type": "github"
      },
      "original": {
        "owner": "NixOS",
        "ref": "nixpkgs-unstable",
        "repo": "nixpkgs",
        "type": "github"
      }
    },
    "nixpkgs_2": {
      "locked": {
        "lastModified": 1791254437,
        "narHash": "sha256-qMSsgG+9tIdx282dMqGuJAUK3t6F36clM6efd0rXfes=",
        "rev": "b25309931cfda5f0b8805f462a29897eeae50168",
        "revCount": 1015566,
        "type": "tarball",
        "url": "https://api.flakehub.com/f/pinned/NixOS/nixpkgs/0.2605.1015566%2Brev-b25309931cfda5f0b8805f462a29897eeae50168/01a1124e-ab39-72b0-a97d-11af0f5f3df2/source.tar.gz"
      },
      "original": {
        "type": "tarball",
        "url": "https://flakehub.com/f/NixOS/nixpkgs/0.2605"
      }
    },
    "root": {
      "inputs": {
        "fleet": "fleet",
        "nixpkgs": "nixpkgs_2"
      }
    },
    "systems": {
      "locked": {
        "lastModified": 1681028828,
        "narHash": "sha256-Vy1rq5AaRuLzOxct8nz4T6wlgyUR7zLU309k9mBC768=",
        "owner": "nix-systems",
        "repo": "default",
        "rev": "da67096a3b9bf56a91d16901293e51ba5b49a27e",
        "type": "github"
      },
      "original": {
        "owner": "nix-systems",
        "repo": "default",
        "type": "github"
      }
    },
    "treefmt-nix": {
      "inputs": {
        "nixpkgs": [
          "fleet",
          "llm-agents",
          "nixpkgs"
        ]
      },
      "locked": {
        "lastModified": 1786901030,
        "narHash": "sha256-WSFCsDSE5ffgD2MqzkM2CYjeFiKhRF/dJUN8uedb6YE=",
        "owner": "numtide",
        "repo": "treefmt-nix",
        "rev": "27b3b12a8e6375f28ebe122f07d230ca5459bbfa",
        "type": "github"
      },
      "original": {
        "owner": "numtide",
        "repo": "treefmt-nix",
        "type": "github"
      }
    }
  },
  "root": "root",
  "version": 7
}
